
Microsoft Visual Studio Solution File, Format Version 12.00
# Visual Studio Version 17
VisualStudioVersion = 17.3.32929.385
MinimumVisualStudioVersion = 10.0.40219.1
Project("{FAE04EC0-301F-11D3-BF4B-00C04F79EFBC}") = "A5_GroupF", "A5_GroupF\A5_GroupF.csproj", "{C0535615-C2DB-460C-AB86-60DD1905279C}"
EndProject
Global
	GlobalSection(SolutionConfigurationPlatforms) = preSolution
		Debug|Any CPU = Debug|Any CPU
		Release|Any CPU = Release|Any CPU
	EndGlobalSection
	GlobalSection(ProjectConfigurationPlatforms) = postSolution
		{C0535615-C2DB-460C-AB86-60DD1905279C}.Debug|Any CPU.ActiveCfg = Debug|Any CPU
		{C0535615-C2DB-460C-AB86-60DD1905279C}.Debug|Any CPU.Build.0 = Debug|Any CPU
		{C0535615-C2DB-460C-AB86-60DD1905279C}.Release|Any CPU.ActiveCfg = Release|Any CPU
		{C0535615-C2DB-460C-AB86-60DD1905279C}.Release|Any CPU.Build.0 = Release|Any CPU
	EndGlobalSection
	GlobalSection(SolutionProperties) = preSolution
		HideSolutionNode = FALSE
	EndGlobalSection
	GlobalSection(ExtensibilityGlobals) = postSolution
		SolutionGuid = {651CB6F9-A60D-4967-93A9-5FCB2CB46511}
	EndGlobalSection
EndGlobal
